
Microsoft Visual Studio Solution File, Format Version 12.00
# Visual Studio Version 17
VisualStudioVersion = 17.5.33530.505
MinimumVisualStudioVersion = 10.0.40219.1
Project("{FAE04EC0-301F-11D3-BF4B-00C04F79EFBC}") = "game", "game\game.csproj", "{F6267B57-199A-41A8-8457-58700CD0BA8D}"
EndProject
Global
	GlobalSection(SolutionConfigurationPlatforms) = preSolution
		Debug|Any CPU = Debug|Any CPU
		Release|Any CPU = Release|Any CPU
	EndGlobalSection
	GlobalSection(ProjectConfigurationPlatforms) = postSolution
		{F6267B57-199A-41A8-8457-58700CD0BA8D}.Debug|Any CPU.ActiveCfg = Debug|Any CPU
		{F6267B57-199A-41A8-8457-58700CD0BA8D}.Debug|Any CPU.Build.0 = Debug|Any CPU
		{F6267B57-199A-41A8-8457-58700CD0BA8D}.Release|Any CPU.ActiveCfg = Release|Any CPU
		{F6267B57-199A-41A8-8457-58700CD0BA8D}.Release|Any CPU.Build.0 = Release|Any CPU
	EndGlobalSection
	GlobalSection(SolutionProperties) = preSolution
		HideSolutionNode = FALSE
	EndGlobalSection
	GlobalSection(ExtensibilityGlobals) = postSolution
		SolutionGuid = {0DB609DC-1B3F-4854-8AFA-6CC48926E084}
	EndGlobalSection
EndGlobal
